
Microsoft Visual Studio Solution File, Format Version 12.00
# Visual Studio 15
VisualStudioVersion = 15.0.27428.2027
MinimumVisualStudioVersion = 10.0.40219.1
Project("{FAE04EC0-301F-11D3-BF4B-00C04F79EFBC}") = "hello12", "hello12\hello12.csproj", "{4A241E0E-41AB-4B25-B649-787A64A30B79}"
EndProject
Global
	GlobalSection(SolutionConfigurationPlatforms) = preSolution
		Debug|Any CPU = Debug|Any CPU
		Release|Any CPU = Release|Any CPU
	EndGlobalSection
	GlobalSection(ProjectConfigurationPlatforms) = postSolution
		{4A241E0E-41AB-4B25-B649-787A64A30B79}.Debug|Any CPU.ActiveCfg = Debug|Any CPU
		{4A241E0E-41AB-4B25-B649-787A64A30B79}.Debug|Any CPU.Build.0 = Debug|Any CPU
		{4A241E0E-41AB-4B25-B649-787A64A30B79}.Release|Any CPU.ActiveCfg = Release|Any CPU
		{4A241E0E-41AB-4B25-B649-787A64A30B79}.Release|Any CPU.Build.0 = Release|Any CPU
	EndGlobalSection
	GlobalSection(SolutionProperties) = preSolution
		HideSolutionNode = FALSE
	EndGlobalSection
	GlobalSection(ExtensibilityGlobals) = postSolution
		SolutionGuid = {1F6EA4FD-FAF3-4960-A270-87DBFF0F1030}
	EndGlobalSection
EndGlobal
