
Microsoft Visual Studio Solution File, Format Version 12.00
# Visual Studio 15
VisualStudioVersion = 15.0.27428.2027
MinimumVisualStudioVersion = 10.0.40219.1
Project("{FAE04EC0-301F-11D3-BF4B-00C04F79EFBC}") = "Color", "Color\Color.csproj", "{A1C09A87-DAA6-4832-8381-E58895AD3AF6}"
EndProject
Global
	GlobalSection(SolutionConfigurationPlatforms) = preSolution
		Debug|Any CPU = Debug|Any CPU
		Release|Any CPU = Release|Any CPU
	EndGlobalSection
	GlobalSection(ProjectConfigurationPlatforms) = postSolution
		{A1C09A87-DAA6-4832-8381-E58895AD3AF6}.Debug|Any CPU.ActiveCfg = Debug|Any CPU
		{A1C09A87-DAA6-4832-8381-E58895AD3AF6}.Debug|Any CPU.Build.0 = Debug|Any CPU
		{A1C09A87-DAA6-4832-8381-E58895AD3AF6}.Release|Any CPU.ActiveCfg = Release|Any CPU
		{A1C09A87-DAA6-4832-8381-E58895AD3AF6}.Release|Any CPU.Build.0 = Release|Any CPU
	EndGlobalSection
	GlobalSection(SolutionProperties) = preSolution
		HideSolutionNode = FALSE
	EndGlobalSection
	GlobalSection(ExtensibilityGlobals) = postSolution
		SolutionGuid = {F6AE468A-200D-4404-90D3-F7EB65C49180}
	EndGlobalSection
EndGlobal
